{
  "nodes": {
    "bionix": {
      "locked": {
        "lastModified": 1661243788,
        "narHash": "sha256-L3db857Z86E/pHgQRJilx/uQpwIttBpDr0+SaP/Ep2Q=",
        "owner": "papenfusslab",
        "repo": "bionix",
        "rev": "5107449eeb29963b98cb5b6ded6418d930590c23",
        "type": "github"
      },
      "original": {
        "owner": "papenfusslab",
        "repo": "bionix",
        "type": "github"
      }
    },
    "flake-utils": {
      "locked": {
        "lastModified": 1659877975,
        "narHash": "sha256-zllb8aq3YO3h8B/U0/J1WBgAL8EX5yWf5pMj3G0NAmc=",
        "owner": "numtide",
        "repo": "flake-utils",
        "rev": "c0e246b9b83f637f4681389ecabcb2681b4f3af0",
        "type": "github"
      },
      "original": {
        "owner": "numtide",
        "repo": "flake-utils",
        "type": "github"
      }
    },
    "flake-utils_2": {
      "locked": {
        "lastModified": 1642700792,
        "narHash": "sha256-XqHrk7hFb+zBvRg6Ghl+AZDq03ov6OshJLiSWOoX5es=",
        "owner": "numtide",
        "repo": "flake-utils",
        "rev": "846b2ae0fc4cc943637d3d1def4454213e203cba",
        "type": "github"
      },
      "original": {
        "owner": "numtide",
        "repo": "flake-utils",
        "type": "github"
      }
    },
    "mach-nix": {
      "inputs": {
        "flake-utils": "flake-utils_2",
        "nixpkgs": "nixpkgs",
        "pypi-deps-db": [
          "multiqc-flake",
          "pypi"
        ]
      },
      "locked": {
        "lastModified": 1657089034,
        "narHash": "sha256-qSjk1iOi14ijAOP6QuGfE3fvy08aVxsgus+ArwgiyuU=",
        "owner": "DavHau",
        "repo": "mach-nix",
        "rev": "51caf584f26acdfaa51bbf7ee1ffa365aea7bc64",
        "type": "github"
      },
      "original": {
        "owner": "DavHau",
        "repo": "mach-nix",
        "type": "github"
      }
    },
    "multiqc-flake": {
      "inputs": {
        "mach-nix": "mach-nix",
        "nixpkgs": "nixpkgs_2",
        "pypi": "pypi"
      },
      "locked": {
        "lastModified": 1662835968,
        "narHash": "sha256-jjd6ocQllB1FudoD0G8Gdwd83s1+M9ipkGCswg7ujM4=",
        "owner": "ewels",
        "repo": "multiqc",
        "rev": "81dd59cb6f582bf198e3058b02996d39b02b8175",
        "type": "github"
      },
      "original": {
        "owner": "ewels",
        "repo": "multiqc",
        "type": "github"
      }
    },
    "nixpkgs": {
      "locked": {
        "lastModified": 1643805626,
        "narHash": "sha256-AXLDVMG+UaAGsGSpOtQHPIKB+IZ0KSd9WS77aanGzgc=",
        "owner": "NixOS",
        "repo": "nixpkgs",
        "rev": "554d2d8aa25b6e583575459c297ec23750adb6cb",
        "type": "github"
      },
      "original": {
        "id": "nixpkgs",
        "ref": "nixos-unstable",
        "type": "indirect"
      }
    },
    "nixpkgs_2": {
      "locked": {
        "lastModified": 1657056915,
        "narHash": "sha256-pzpuGI0+UHNlWae91QYeAlK0rY0FGZJAhHfRArHNwKY=",
        "owner": "NixOS",
        "repo": "nixpkgs",
        "rev": "c9ad20e7ebbe27a29d12353d15cdc853f896291b",
        "type": "github"
      },
      "original": {
        "id": "nixpkgs",
        "type": "indirect"
      }
    },
    "nixpkgs_3": {
      "locked": {
        "lastModified": 1663634720,
        "narHash": "sha256-wMYXWKgysznBUHmvq5fN0uzUTNpnBLREPupM17xP8MY=",
        "owner": "nixos",
        "repo": "nixpkgs",
        "rev": "998f0f7924198b2460458728de59fe738997f28e",
        "type": "github"
      },
      "original": {
        "owner": "nixos",
        "repo": "nixpkgs",
        "type": "github"
      }
    },
    "pypi": {
      "flake": false,
      "locked": {
        "lastModified": 1657096322,
        "narHash": "sha256-BRod+hmVxAEw+QvasZnCs6kjgROun15e4+sQFhPpkw4=",
        "owner": "DavHau",
        "repo": "pypi-deps-db",
        "rev": "c902ed7913822269822d5a8edb4d9c2adc0d3840",
        "type": "github"
      },
      "original": {
        "owner": "DavHau",
        "repo": "pypi-deps-db",
        "type": "github"
      }
    },
    "root": {
      "inputs": {
        "bionix": "bionix",
        "flake-utils": "flake-utils",
        "multiqc-flake": "multiqc-flake",
        "nixpkgs": "nixpkgs_3"
      }
    }
  },
  "root": "root",
  "version": 7
}
