{
  "nodes": {
    "bionix": {
      "locked": {
        "lastModified": 1655591220,
        "narHash": "sha256-A5iojDTR/uO+YsmrxDD4m1IxIXF41zEloGqRWggVyYc=",
        "owner": "papenfusslab",
        "repo": "bionix",
        "rev": "f5d976e267ba18d4b5758fb0c9cfdca0f4a203f0",
        "type": "github"
      },
      "original": {
        "owner": "papenfusslab",
        "repo": "bionix",
        "type": "github"
      }
    },
    "flake-utils": {
      "locked": {
        "lastModified": 1659877975,
        "narHash": "sha256-zllb8aq3YO3h8B/U0/J1WBgAL8EX5yWf5pMj3G0NAmc=",
        "owner": "numtide",
        "repo": "flake-utils",
        "rev": "c0e246b9b83f637f4681389ecabcb2681b4f3af0",
        "type": "github"
      },
      "original": {
        "owner": "numtide",
        "repo": "flake-utils",
        "type": "github"
      }
    },
    "nixpkgs": {
      "locked": {
        "lastModified": 1660546381,
        "narHash": "sha256-rEzCjeWVGhK5AyHxm1zet0lF6+AVSW3JuU5LAU2SMYU=",
        "owner": "nixos",
        "repo": "nixpkgs",
        "rev": "eb642f80f9aecc19312909e08601a3c2020b5ce2",
        "type": "github"
      },
      "original": {
        "owner": "nixos",
        "repo": "nixpkgs",
        "type": "github"
      }
    },
    "root": {
      "inputs": {
        "bionix": "bionix",
        "flake-utils": "flake-utils",
        "nixpkgs": "nixpkgs"
      }
    }
  },
  "root": "root",
  "version": 7
}
